
Microsoft Visual Studio Solution File, Format Version 12.00
# Visual Studio 15
VisualStudioVersion = 15.0.27130.2036
MinimumVisualStudioVersion = 10.0.40219.1
Project("{2150E333-8FDC-42A3-9474-1A3956D46DE8}") = "Tests", "Tests", "{3E186A20-97A6-4E91-99E7-6130503FE336}"
EndProject
Project("{2150E333-8FDC-42A3-9474-1A3956D46DE8}") = ".build", ".build", "{A7F39964-61AA-4E36-BEBA-B554BD7E2B08}"
	ProjectSection(SolutionItems) = preProject
		..\appveyor.yml = ..\appveyor.yml
		..\Build.bat = ..\Build.bat
		..\Build.fsx = ..\Build.fsx
		nuget-healthnet.png = nuget-healthnet.png
		nuget.config = nuget.config
		..\packages.config = ..\packages.config
		ProductInfo.cs = ProductInfo.cs
		VersionInfo.cs = VersionInfo.cs
	EndProjectSection
EndProject
Project("{9A19103F-16F7-4668-BE54-9A1E7A4F7556}") = "HealthNet.Core", "HealthNet.Core\HealthNet.Core.csproj", "{997334DA-59FD-4FD1-A9E9-EF4A5E151CBC}"
EndProject
Project("{2150E333-8FDC-42A3-9474-1A3956D46DE8}") = ".project", ".project", "{C75256FC-A368-4EB4-9FED-688AA7220A26}"
	ProjectSection(SolutionItems) = preProject
		..\.editorconfig = ..\.editorconfig
		..\.gitattributes = ..\.gitattributes
		..\.gitignore = ..\.gitignore
		nuget-healthnet.png = nuget-healthnet.png
		nuget.config = nuget.config
		ProductInfo.cs = ProductInfo.cs
		..\README.md = ..\README.md
		VersionInfo.cs = VersionInfo.cs
	EndProjectSection
EndProject
Project("{9A19103F-16F7-4668-BE54-9A1E7A4F7556}") = "HealthNet.Tests", "Tests\HealthNet.Tests\HealthNet.Tests.csproj", "{2E3BA1A6-0ACD-4382-A289-8F7C0F9552F6}"
EndProject
Project("{FAE04EC0-301F-11D3-BF4B-00C04F79EFBC}") = "HealthNet.Owin", "HealthNet.Owin\HealthNet.Owin.csproj", "{932DA587-BBFB-45CC-86BF-494497ABB38D}"
EndProject
Project("{FAE04EC0-301F-11D3-BF4B-00C04F79EFBC}") = "HealthNet.Nancy", "HealthNet.Nancy\HealthNet.Nancy.csproj", "{B78AE768-4DFB-4C68-B8B4-57819E24DE47}"
EndProject
Project("{FAE04EC0-301F-11D3-BF4B-00C04F79EFBC}") = "HealthNet.WebApi", "HealthNet.WebApi\HealthNet.WebApi.csproj", "{7D897D9E-1489-4536-BD0C-E5F871B5BD8F}"
EndProject
Global
	GlobalSection(SolutionConfigurationPlatforms) = preSolution
		Debug|Any CPU = Debug|Any CPU
		Release|Any CPU = Release|Any CPU
	EndGlobalSection
	GlobalSection(ProjectConfigurationPlatforms) = postSolution
		{997334DA-59FD-4FD1-A9E9-EF4A5E151CBC}.Debug|Any CPU.ActiveCfg = Debug|Any CPU
		{997334DA-59FD-4FD1-A9E9-EF4A5E151CBC}.Debug|Any CPU.Build.0 = Debug|Any CPU
		{997334DA-59FD-4FD1-A9E9-EF4A5E151CBC}.Release|Any CPU.ActiveCfg = Release|Any CPU
		{997334DA-59FD-4FD1-A9E9-EF4A5E151CBC}.Release|Any CPU.Build.0 = Release|Any CPU
		{2E3BA1A6-0ACD-4382-A289-8F7C0F9552F6}.Debug|Any CPU.ActiveCfg = Debug|Any CPU
		{2E3BA1A6-0ACD-4382-A289-8F7C0F9552F6}.Debug|Any CPU.Build.0 = Debug|Any CPU
		{2E3BA1A6-0ACD-4382-A289-8F7C0F9552F6}.Release|Any CPU.ActiveCfg = Release|Any CPU
		{2E3BA1A6-0ACD-4382-A289-8F7C0F9552F6}.Release|Any CPU.Build.0 = Release|Any CPU
		{932DA587-BBFB-45CC-86BF-494497ABB38D}.Debug|Any CPU.ActiveCfg = Debug|Any CPU
		{932DA587-BBFB-45CC-86BF-494497ABB38D}.Debug|Any CPU.Build.0 = Debug|Any CPU
		{932DA587-BBFB-45CC-86BF-494497ABB38D}.Release|Any CPU.ActiveCfg = Release|Any CPU
		{932DA587-BBFB-45CC-86BF-494497ABB38D}.Release|Any CPU.Build.0 = Release|Any CPU
		{B78AE768-4DFB-4C68-B8B4-57819E24DE47}.Debug|Any CPU.ActiveCfg = Debug|Any CPU
		{B78AE768-4DFB-4C68-B8B4-57819E24DE47}.Debug|Any CPU.Build.0 = Debug|Any CPU
		{B78AE768-4DFB-4C68-B8B4-57819E24DE47}.Release|Any CPU.ActiveCfg = Release|Any CPU
		{B78AE768-4DFB-4C68-B8B4-57819E24DE47}.Release|Any CPU.Build.0 = Release|Any CPU
		{7D897D9E-1489-4536-BD0C-E5F871B5BD8F}.Debug|Any CPU.ActiveCfg = Debug|Any CPU
		{7D897D9E-1489-4536-BD0C-E5F871B5BD8F}.Debug|Any CPU.Build.0 = Debug|Any CPU
		{7D897D9E-1489-4536-BD0C-E5F871B5BD8F}.Release|Any CPU.ActiveCfg = Release|Any CPU
		{7D897D9E-1489-4536-BD0C-E5F871B5BD8F}.Release|Any CPU.Build.0 = Release|Any CPU
	EndGlobalSection
	GlobalSection(SolutionProperties) = preSolution
		HideSolutionNode = FALSE
	EndGlobalSection
	GlobalSection(NestedProjects) = preSolution
		{2E3BA1A6-0ACD-4382-A289-8F7C0F9552F6} = {3E186A20-97A6-4E91-99E7-6130503FE336}
	EndGlobalSection
	GlobalSection(ExtensibilityGlobals) = postSolution
		SolutionGuid = {34CA8A17-9136-4562-8B74-FC2622F8DA31}
	EndGlobalSection
EndGlobal
